
Microsoft Visual Studio Solution File, Format Version 12.00
# Visual Studio 15
VisualStudioVersion = 15.0.27703.2026
MinimumVisualStudioVersion = 10.0.40219.1
Project("{FAE04EC0-301F-11D3-BF4B-00C04F79EFBC}") = "DemoWeb", "DemoWeb\DemoWeb.csproj", "{8379A2D5-F561-44D8-A0F3-B535C1247BB1}"
EndProject
Project("{FAE04EC0-301F-11D3-BF4B-00C04F79EFBC}") = "Backend.Demo", "Backend.Demo\Backend.Demo.csproj", "{394C8EA4-1E65-4C14-AF02-3750466464DD}"
EndProject
Global
	GlobalSection(SolutionConfigurationPlatforms) = preSolution
		Debug|Any CPU = Debug|Any CPU
		Release|Any CPU = Release|Any CPU
	EndGlobalSection
	GlobalSection(ProjectConfigurationPlatforms) = postSolution
		{8379A2D5-F561-44D8-A0F3-B535C1247BB1}.Debug|Any CPU.ActiveCfg = Debug|Any CPU
		{8379A2D5-F561-44D8-A0F3-B535C1247BB1}.Debug|Any CPU.Build.0 = Debug|Any CPU
		{8379A2D5-F561-44D8-A0F3-B535C1247BB1}.Release|Any CPU.ActiveCfg = Release|Any CPU
		{8379A2D5-F561-44D8-A0F3-B535C1247BB1}.Release|Any CPU.Build.0 = Release|Any CPU
		{394C8EA4-1E65-4C14-AF02-3750466464DD}.Debug|Any CPU.ActiveCfg = Debug|Any CPU
		{394C8EA4-1E65-4C14-AF02-3750466464DD}.Debug|Any CPU.Build.0 = Debug|Any CPU
		{394C8EA4-1E65-4C14-AF02-3750466464DD}.Release|Any CPU.ActiveCfg = Release|Any CPU
		{394C8EA4-1E65-4C14-AF02-3750466464DD}.Release|Any CPU.Build.0 = Release|Any CPU
	EndGlobalSection
	GlobalSection(SolutionProperties) = preSolution
		HideSolutionNode = FALSE
	EndGlobalSection
	GlobalSection(ExtensibilityGlobals) = postSolution
		SolutionGuid = {D653CB8D-E29A-4B0C-8D18-4A41AB9A311F}
	EndGlobalSection
EndGlobal
